// !$*UTF8*$!
{
	archiveVersion = 1;
	classes = {
	};
	objectVersion = 56;
	objects = {

/* Begin PBXBuildFile section */
		EC8D2475292BEA6D009F1C30 /* AppDelegate.swift in Sources */ = {isa = PBXBuildFile; fileRef = EC8D2474292BEA6D009F1C30 /* AppDelegate.swift */; };
		EC8D2477292BEA6D009F1C30 /* SceneDelegate.swift in Sources */ = {isa = PBXBuildFile; fileRef = EC8D2476292BEA6D009F1C30 /* SceneDelegate.swift */; };
		EC8D2479292BEA6D009F1C30 /* MainTabBarController.swift in Sources */ = {isa = PBXBuildFile; fileRef = EC8D2478292BEA6D009F1C30 /* MainTabBarController.swift */; };
		EC8D247E292BEA6D009F1C30 /* Assets.xcassets in Resources */ = {isa = PBXBuildFile; fileRef = EC8D247D292BEA6D009F1C30 /* Assets.xcassets */; };
		EC8D2481292BEA6D009F1C30 /* LaunchScreen.storyboard in Resources */ = {isa = PBXBuildFile; fileRef = EC8D247F292BEA6D009F1C30 /* LaunchScreen.storyboard */; };
		EC8D248E292BED64009F1C30 /* UIColor + Extension.swift in Sources */ = {isa = PBXBuildFile; fileRef = EC8D248D292BED64009F1C30 /* UIColor + Extension.swift */; };
		EC8D2490292BEDB8009F1C30 /* ScannerViewController.swift in Sources */ = {isa = PBXBuildFile; fileRef = EC8D248F292BEDB8009F1C30 /* ScannerViewController.swift */; };
		EC8D2492292BEDEC009F1C30 /* SearchViewController.swift in Sources */ = {isa = PBXBuildFile; fileRef = EC8D2491292BEDEC009F1C30 /* SearchViewController.swift */; };
		EC8D2494292BEE12009F1C30 /* FavoritesViewController.swift in Sources */ = {isa = PBXBuildFile; fileRef = EC8D2493292BEE12009F1C30 /* FavoritesViewController.swift */; };
		EC8E96B5292E999E00789CDC /* ImagePicker.swift in Sources */ = {isa = PBXBuildFile; fileRef = EC8E96B4292E999E00789CDC /* ImagePicker.swift */; };
		EC972668293534EB0034B6D2 /* ProductIngredientsViewController.swift in Sources */ = {isa = PBXBuildFile; fileRef = EC972667293534EB0034B6D2 /* ProductIngredientsViewController.swift */; };
		EC97266A2935371B0034B6D2 /* IngredientTableViewCell.swift in Sources */ = {isa = PBXBuildFile; fileRef = EC9726692935371B0034B6D2 /* IngredientTableViewCell.swift */; };
		EC97266C293537EE0034B6D2 /* UITableView + Extension.swift in Sources */ = {isa = PBXBuildFile; fileRef = EC97266B293537EE0034B6D2 /* UITableView + Extension.swift */; };
		EC986DE52937D8A000F24F56 /* UIView + Extension.swift in Sources */ = {isa = PBXBuildFile; fileRef = EC986DE42937D8A000F24F56 /* UIView + Extension.swift */; };
		EC9B0E0B292FDD57002DF9F0 /* UIScreen + Extension.swift in Sources */ = {isa = PBXBuildFile; fileRef = EC9B0E0A292FDD57002DF9F0 /* UIScreen + Extension.swift */; };
		EC9B0E0E292FE3E4002DF9F0 /* IngredientsModel.swift in Sources */ = {isa = PBXBuildFile; fileRef = EC9B0E0D292FE3E4002DF9F0 /* IngredientsModel.swift */; };
		ECA42D53293910CC00177734 /* IngredientsTextView.swift in Sources */ = {isa = PBXBuildFile; fileRef = ECA42D52293910CC00177734 /* IngredientsTextView.swift */; };
		ECA42D56293926B700177734 /* Buttons.swift in Sources */ = {isa = PBXBuildFile; fileRef = ECA42D55293926B700177734 /* Buttons.swift */; };
		ECB05F14293E6A9400B8B77F /* UIViewController + Extension.swift in Sources */ = {isa = PBXBuildFile; fileRef = ECB05F13293E6A9400B8B77F /* UIViewController + Extension.swift */; };
		ECB0FF5F294A2AAF007E7A64 /* EffectsCollectionView.swift in Sources */ = {isa = PBXBuildFile; fileRef = ECB0FF5E294A2AAF007E7A64 /* EffectsCollectionView.swift */; };
		ECB0FF61294A2C52007E7A64 /* EffectCollectionViewCell.swift in Sources */ = {isa = PBXBuildFile; fileRef = ECB0FF60294A2C52007E7A64 /* EffectCollectionViewCell.swift */; };
		ECB0FF65294A4F09007E7A64 /* UIStackView + Extension.swift in Sources */ = {isa = PBXBuildFile; fileRef = ECB0FF64294A4F09007E7A64 /* UIStackView + Extension.swift */; };
		ECB593E42950C9B90015FB35 /* ingredientDBNew.json in Resources */ = {isa = PBXBuildFile; fileRef = ECB593E32950C9B90015FB35 /* ingredientDBNew.json */; };
		ECC479FC293677AD00A0155F /* String + Extension.swift in Sources */ = {isa = PBXBuildFile; fileRef = ECC479FB293677AD00A0155F /* String + Extension.swift */; };
		ECDE3A1C294268B000841CFB /* IngredientDetailViewController.swift in Sources */ = {isa = PBXBuildFile; fileRef = ECDE3A1B294268B000841CFB /* IngredientDetailViewController.swift */; };
/* End PBXBuildFile section */

/* Begin PBXFileReference section */
		EC8D2471292BEA6D009F1C30 /* BeautyHelper.app */ = {isa = PBXFileReference; explicitFileType = wrapper.application; includeInIndex = 0; path = BeautyHelper.app; sourceTree = BUILT_PRODUCTS_DIR; };
		EC8D2474292BEA6D009F1C30 /* AppDelegate.swift */ = {isa = PBXFileReference; lastKnownFileType = sourcecode.swift; path = AppDelegate.swift; sourceTree = "<group>"; };
		EC8D2476292BEA6D009F1C30 /* SceneDelegate.swift */ = {isa = PBXFileReference; lastKnownFileType = sourcecode.swift; path = SceneDelegate.swift; sourceTree = "<group>"; };
		EC8D2478292BEA6D009F1C30 /* MainTabBarController.swift */ = {isa = PBXFileReference; lastKnownFileType = sourcecode.swift; path = MainTabBarController.swift; sourceTree = "<group>"; };
		EC8D247D292BEA6D009F1C30 /* Assets.xcassets */ = {isa = PBXFileReference; lastKnownFileType = folder.assetcatalog; path = Assets.xcassets; sourceTree = "<group>"; };
		EC8D2480292BEA6D009F1C30 /* Base */ = {isa = PBXFileReference; lastKnownFileType = file.storyboard; name = Base; path = Base.lproj/LaunchScreen.storyboard; sourceTree = "<group>"; };
		EC8D2482292BEA6D009F1C30 /* Info.plist */ = {isa = PBXFileReference; lastKnownFileType = text.plist.xml; path = Info.plist; sourceTree = "<group>"; };
		EC8D248D292BED64009F1C30 /* UIColor + Extension.swift */ = {isa = PBXFileReference; lastKnownFileType = sourcecode.swift; path = "UIColor + Extension.swift"; sourceTree = "<group>"; };
		EC8D248F292BEDB8009F1C30 /* ScannerViewController.swift */ = {isa = PBXFileReference; lastKnownFileType = sourcecode.swift; path = ScannerViewController.swift; sourceTree = "<group>"; };
		EC8D2491292BEDEC009F1C30 /* SearchViewController.swift */ = {isa = PBXFileReference; lastKnownFileType = sourcecode.swift; path = SearchViewController.swift; sourceTree = "<group>"; };
		EC8D2493292BEE12009F1C30 /* FavoritesViewController.swift */ = {isa = PBXFileReference; lastKnownFileType = sourcecode.swift; path = FavoritesViewController.swift; sourceTree = "<group>"; };
		EC8E96B4292E999E00789CDC /* ImagePicker.swift */ = {isa = PBXFileReference; lastKnownFileType = sourcecode.swift; path = ImagePicker.swift; sourceTree = "<group>"; };
		EC972667293534EB0034B6D2 /* ProductIngredientsViewController.swift */ = {isa = PBXFileReference; lastKnownFileType = sourcecode.swift; path = ProductIngredientsViewController.swift; sourceTree = "<group>"; };
		EC9726692935371B0034B6D2 /* IngredientTableViewCell.swift */ = {isa = PBXFileReference; lastKnownFileType = sourcecode.swift; path = IngredientTableViewCell.swift; sourceTree = "<group>"; };
		EC97266B293537EE0034B6D2 /* UITableView + Extension.swift */ = {isa = PBXFileReference; lastKnownFileType = sourcecode.swift; path = "UITableView + Extension.swift"; sourceTree = "<group>"; };
		EC986DE42937D8A000F24F56 /* UIView + Extension.swift */ = {isa = PBXFileReference; lastKnownFileType = sourcecode.swift; path = "UIView + Extension.swift"; sourceTree = "<group>"; };
		EC9B0E0A292FDD57002DF9F0 /* UIScreen + Extension.swift */ = {isa = PBXFileReference; lastKnownFileType = sourcecode.swift; path = "UIScreen + Extension.swift"; sourceTree = "<group>"; };
		EC9B0E0D292FE3E4002DF9F0 /* IngredientsModel.swift */ = {isa = PBXFileReference; lastKnownFileType = sourcecode.swift; path = IngredientsModel.swift; sourceTree = "<group>"; };
		ECA42D52293910CC00177734 /* IngredientsTextView.swift */ = {isa = PBXFileReference; lastKnownFileType = sourcecode.swift; path = IngredientsTextView.swift; sourceTree = "<group>"; };
		ECA42D55293926B700177734 /* Buttons.swift */ = {isa = PBXFileReference; lastKnownFileType = sourcecode.swift; path = Buttons.swift; sourceTree = "<group>"; };
		ECB05F13293E6A9400B8B77F /* UIViewController + Extension.swift */ = {isa = PBXFileReference; lastKnownFileType = sourcecode.swift; path = "UIViewController + Extension.swift"; sourceTree = "<group>"; };
		ECB0FF5E294A2AAF007E7A64 /* EffectsCollectionView.swift */ = {isa = PBXFileReference; lastKnownFileType = sourcecode.swift; path = EffectsCollectionView.swift; sourceTree = "<group>"; };
		ECB0FF60294A2C52007E7A64 /* EffectCollectionViewCell.swift */ = {isa = PBXFileReference; lastKnownFileType = sourcecode.swift; path = EffectCollectionViewCell.swift; sourceTree = "<group>"; };
		ECB0FF64294A4F09007E7A64 /* UIStackView + Extension.swift */ = {isa = PBXFileReference; lastKnownFileType = sourcecode.swift; path = "UIStackView + Extension.swift"; sourceTree = "<group>"; };
		ECB593E32950C9B90015FB35 /* ingredientDBNew.json */ = {isa = PBXFileReference; fileEncoding = 4; lastKnownFileType = text.json; path = ingredientDBNew.json; sourceTree = "<group>"; };
		ECC479FB293677AD00A0155F /* String + Extension.swift */ = {isa = PBXFileReference; lastKnownFileType = sourcecode.swift; path = "String + Extension.swift"; sourceTree = "<group>"; };
		ECDE3A1B294268B000841CFB /* IngredientDetailViewController.swift */ = {isa = PBXFileReference; lastKnownFileType = sourcecode.swift; path = IngredientDetailViewController.swift; sourceTree = "<group>"; };
/* End PBXFileReference section */

/* Begin PBXFrameworksBuildPhase section */
		EC8D246E292BEA6D009F1C30 /* Frameworks */ = {
			isa = PBXFrameworksBuildPhase;
			buildActionMask = 2147483647;
			files = (
			);
			runOnlyForDeploymentPostprocessing = 0;
		};
/* End PBXFrameworksBuildPhase section */

/* Begin PBXGroup section */
		EC8D2468292BEA6D009F1C30 = {
			isa = PBXGroup;
			children = (
				EC8D2473292BEA6D009F1C30 /* BeautyHelper */,
				EC8D2472292BEA6D009F1C30 /* Products */,
			);
			sourceTree = "<group>";
		};
		EC8D2472292BEA6D009F1C30 /* Products */ = {
			isa = PBXGroup;
			children = (
				EC8D2471292BEA6D009F1C30 /* BeautyHelper.app */,
			);
			name = Products;
			sourceTree = "<group>";
		};
		EC8D2473292BEA6D009F1C30 /* BeautyHelper */ = {
			isa = PBXGroup;
			children = (
				ECB593E32950C9B90015FB35 /* ingredientDBNew.json */,
				EC8D2488292BEC71009F1C30 /* Application */,
				EC9B0E0C292FE3C9002DF9F0 /* Models */,
				EC8E96B6292E99F300789CDC /* Views */,
				EC8D2489292BEC7F009F1C30 /* ViewControllers */,
				EC8D248B292BED28009F1C30 /* Extensions */,
				EC8D248A292BECBE009F1C30 /* Resources */,
			);
			path = BeautyHelper;
			sourceTree = "<group>";
		};
		EC8D2488292BEC71009F1C30 /* Application */ = {
			isa = PBXGroup;
			children = (
				EC8D2474292BEA6D009F1C30 /* AppDelegate.swift */,
				EC8D2476292BEA6D009F1C30 /* SceneDelegate.swift */,
			);
			path = Application;
			sourceTree = "<group>";
		};
		EC8D2489292BEC7F009F1C30 /* ViewControllers */ = {
			isa = PBXGroup;
			children = (
				EC8D2478292BEA6D009F1C30 /* MainTabBarController.swift */,
				EC8D248F292BEDB8009F1C30 /* ScannerViewController.swift */,
				EC972667293534EB0034B6D2 /* ProductIngredientsViewController.swift */,
				ECDE3A1B294268B000841CFB /* IngredientDetailViewController.swift */,
				EC8D2491292BEDEC009F1C30 /* SearchViewController.swift */,
				EC8D2493292BEE12009F1C30 /* FavoritesViewController.swift */,
			);
			path = ViewControllers;
			sourceTree = "<group>";
		};
		EC8D248A292BECBE009F1C30 /* Resources */ = {
			isa = PBXGroup;
			children = (
				EC8D247D292BEA6D009F1C30 /* Assets.xcassets */,
				EC8D247F292BEA6D009F1C30 /* LaunchScreen.storyboard */,
				EC8D2482292BEA6D009F1C30 /* Info.plist */,
			);
			path = Resources;
			sourceTree = "<group>";
		};
		EC8D248B292BED28009F1C30 /* Extensions */ = {
			isa = PBXGroup;
			children = (
				EC8D248C292BED4F009F1C30 /* UIKit */,
				ECC479FB293677AD00A0155F /* String + Extension.swift */,
			);
			path = Extensions;
			sourceTree = "<group>";
		};
		EC8D248C292BED4F009F1C30 /* UIKit */ = {
			isa = PBXGroup;
			children = (
				EC8D248D292BED64009F1C30 /* UIColor + Extension.swift */,
				EC9B0E0A292FDD57002DF9F0 /* UIScreen + Extension.swift */,
				EC97266B293537EE0034B6D2 /* UITableView + Extension.swift */,
				EC986DE42937D8A000F24F56 /* UIView + Extension.swift */,
				ECB05F13293E6A9400B8B77F /* UIViewController + Extension.swift */,
				ECB0FF64294A4F09007E7A64 /* UIStackView + Extension.swift */,
			);
			path = UIKit;
			sourceTree = "<group>";
		};
		EC8E96B6292E99F300789CDC /* Views */ = {
			isa = PBXGroup;
			children = (
				ECA42D5429391B3200177734 /* Cells */,
				EC8E96B4292E999E00789CDC /* ImagePicker.swift */,
				ECA42D52293910CC00177734 /* IngredientsTextView.swift */,
				ECA42D55293926B700177734 /* Buttons.swift */,
				ECB0FF5E294A2AAF007E7A64 /* EffectsCollectionView.swift */,
			);
			path = Views;
			sourceTree = "<group>";
		};
		EC9B0E0C292FE3C9002DF9F0 /* Models */ = {
			isa = PBXGroup;
			children = (
				EC9B0E0D292FE3E4002DF9F0 /* IngredientsModel.swift */,
			);
			path = Models;
			sourceTree = "<group>";
		};
		ECA42D5429391B3200177734 /* Cells */ = {
			isa = PBXGroup;
			children = (
				EC9726692935371B0034B6D2 /* IngredientTableViewCell.swift */,
				ECB0FF60294A2C52007E7A64 /* EffectCollectionViewCell.swift */,
			);
			path = Cells;
			sourceTree = "<group>";
		};
/* End PBXGroup section */

/* Begin PBXNativeTarget section */
		EC8D2470292BEA6D009F1C30 /* BeautyHelper */ = {
			isa = PBXNativeTarget;
			buildConfigurationList = EC8D2485292BEA6D009F1C30 /* Build configuration list for PBXNativeTarget "BeautyHelper" */;
			buildPhases = (
				EC8D246D292BEA6D009F1C30 /* Sources */,
				EC8D246E292BEA6D009F1C30 /* Frameworks */,
				EC8D246F292BEA6D009F1C30 /* Resources */,
			);
			buildRules = (
			);
			dependencies = (
			);
			name = BeautyHelper;
			productName = BeautyHelper;
			productReference = EC8D2471292BEA6D009F1C30 /* BeautyHelper.app */;
			productType = "com.apple.product-type.application";
		};
/* End PBXNativeTarget section */

/* Begin PBXProject section */
		EC8D2469292BEA6D009F1C30 /* Project object */ = {
			isa = PBXProject;
			attributes = {
				BuildIndependentTargetsInParallel = 1;
				LastSwiftUpdateCheck = 1400;
				LastUpgradeCheck = 1400;
				TargetAttributes = {
					EC8D2470292BEA6D009F1C30 = {
						CreatedOnToolsVersion = 14.0.1;
					};
				};
			};
			buildConfigurationList = EC8D246C292BEA6D009F1C30 /* Build configuration list for PBXProject "BeautyHelper" */;
			compatibilityVersion = "Xcode 14.0";
			developmentRegion = en;
			hasScannedForEncodings = 0;
			knownRegions = (
				en,
				Base,
			);
			mainGroup = EC8D2468292BEA6D009F1C30;
			productRefGroup = EC8D2472292BEA6D009F1C30 /* Products */;
			projectDirPath = "";
			projectRoot = "";
			targets = (
				EC8D2470292BEA6D009F1C30 /* BeautyHelper */,
			);
		};
/* End PBXProject section */

/* Begin PBXResourcesBuildPhase section */
		EC8D246F292BEA6D009F1C30 /* Resources */ = {
			isa = PBXResourcesBuildPhase;
			buildActionMask = 2147483647;
			files = (
				EC8D2481292BEA6D009F1C30 /* LaunchScreen.storyboard in Resources */,
				ECB593E42950C9B90015FB35 /* ingredientDBNew.json in Resources */,
				EC8D247E292BEA6D009F1C30 /* Assets.xcassets in Resources */,
			);
			runOnlyForDeploymentPostprocessing = 0;
		};
/* End PBXResourcesBuildPhase section */

/* Begin PBXSourcesBuildPhase section */
		EC8D246D292BEA6D009F1C30 /* Sources */ = {
			isa = PBXSourcesBuildPhase;
			buildActionMask = 2147483647;
			files = (
				ECA42D53293910CC00177734 /* IngredientsTextView.swift in Sources */,
				EC8D2492292BEDEC009F1C30 /* SearchViewController.swift in Sources */,
				EC9B0E0B292FDD57002DF9F0 /* UIScreen + Extension.swift in Sources */,
				EC8D2479292BEA6D009F1C30 /* MainTabBarController.swift in Sources */,
				EC8D2494292BEE12009F1C30 /* FavoritesViewController.swift in Sources */,
				EC9B0E0E292FE3E4002DF9F0 /* IngredientsModel.swift in Sources */,
				ECDE3A1C294268B000841CFB /* IngredientDetailViewController.swift in Sources */,
				ECA42D56293926B700177734 /* Buttons.swift in Sources */,
				EC97266C293537EE0034B6D2 /* UITableView + Extension.swift in Sources */,
				ECB0FF5F294A2AAF007E7A64 /* EffectsCollectionView.swift in Sources */,
				EC8D248E292BED64009F1C30 /* UIColor + Extension.swift in Sources */,
				EC972668293534EB0034B6D2 /* ProductIngredientsViewController.swift in Sources */,
				ECB05F14293E6A9400B8B77F /* UIViewController + Extension.swift in Sources */,
				EC986DE52937D8A000F24F56 /* UIView + Extension.swift in Sources */,
				ECB0FF65294A4F09007E7A64 /* UIStackView + Extension.swift in Sources */,
				EC8D2475292BEA6D009F1C30 /* AppDelegate.swift in Sources */,
				ECC479FC293677AD00A0155F /* String + Extension.swift in Sources */,
				EC97266A2935371B0034B6D2 /* IngredientTableViewCell.swift in Sources */,
				EC8E96B5292E999E00789CDC /* ImagePicker.swift in Sources */,
				EC8D2490292BEDB8009F1C30 /* ScannerViewController.swift in Sources */,
				ECB0FF61294A2C52007E7A64 /* EffectCollectionViewCell.swift in Sources */,
				EC8D2477292BEA6D009F1C30 /* SceneDelegate.swift in Sources */,
			);
			runOnlyForDeploymentPostprocessing = 0;
		};
/* End PBXSourcesBuildPhase section */

/* Begin PBXVariantGroup section */
		EC8D247F292BEA6D009F1C30 /* LaunchScreen.storyboard */ = {
			isa = PBXVariantGroup;
			children = (
				EC8D2480292BEA6D009F1C30 /* Base */,
			);
			name = LaunchScreen.storyboard;
			sourceTree = "<group>";
		};
/* End PBXVariantGroup section */

/* Begin XCBuildConfiguration section */
		EC8D2483292BEA6D009F1C30 /* Debug */ = {
			isa = XCBuildConfiguration;
			buildSettings = {
				ALWAYS_SEARCH_USER_PATHS = NO;
				CLANG_ANALYZER_NONNULL = YES;
				CLANG_ANALYZER_NUMBER_OBJECT_CONVERSION = YES_AGGRESSIVE;
				CLANG_CXX_LANGUAGE_STANDARD = "gnu++20";
				CLANG_ENABLE_MODULES = YES;
				CLANG_ENABLE_OBJC_ARC = YES;
				CLANG_ENABLE_OBJC_WEAK = YES;
				CLANG_WARN_BLOCK_CAPTURE_AUTORELEASING = YES;
				CLANG_WARN_BOOL_CONVERSION = YES;
				CLANG_WARN_COMMA = YES;
				CLANG_WARN_CONSTANT_CONVERSION = YES;
				CLANG_WARN_DEPRECATED_OBJC_IMPLEMENTATIONS = YES;
				CLANG_WARN_DIRECT_OBJC_ISA_USAGE = YES_ERROR;
				CLANG_WARN_DOCUMENTATION_COMMENTS = YES;
				CLANG_WARN_EMPTY_BODY = YES;
				CLANG_WARN_ENUM_CONVERSION = YES;
				CLANG_WARN_INFINITE_RECURSION = YES;
				CLANG_WARN_INT_CONVERSION = YES;
				CLANG_WARN_NON_LITERAL_NULL_CONVERSION = YES;
				CLANG_WARN_OBJC_IMPLICIT_RETAIN_SELF = YES;
				CLANG_WARN_OBJC_LITERAL_CONVERSION = YES;
				CLANG_WARN_OBJC_ROOT_CLASS = YES_ERROR;
				CLANG_WARN_QUOTED_INCLUDE_IN_FRAMEWORK_HEADER = YES;
				CLANG_WARN_RANGE_LOOP_ANALYSIS = YES;
				CLANG_WARN_STRICT_PROTOTYPES = YES;
				CLANG_WARN_SUSPICIOUS_MOVE = YES;
				CLANG_WARN_UNGUARDED_AVAILABILITY = YES_AGGRESSIVE;
				CLANG_WARN_UNREACHABLE_CODE = YES;
				CLANG_WARN__DUPLICATE_METHOD_MATCH = YES;
				COPY_PHASE_STRIP = NO;
				DEBUG_INFORMATION_FORMAT = dwarf;
				ENABLE_STRICT_OBJC_MSGSEND = YES;
				ENABLE_TESTABILITY = YES;
				GCC_C_LANGUAGE_STANDARD = gnu11;
				GCC_DYNAMIC_NO_PIC = NO;
				GCC_NO_COMMON_BLOCKS = YES;
				GCC_OPTIMIZATION_LEVEL = 0;
				GCC_PREPROCESSOR_DEFINITIONS = (
					"DEBUG=1",
					"$(inherited)",
				);
				GCC_WARN_64_TO_32_BIT_CONVERSION = YES;
				GCC_WARN_ABOUT_RETURN_TYPE = YES_ERROR;
				GCC_WARN_UNDECLARED_SELECTOR = YES;
				GCC_WARN_UNINITIALIZED_AUTOS = YES_AGGRESSIVE;
				GCC_WARN_UNUSED_FUNCTION = YES;
				GCC_WARN_UNUSED_VARIABLE = YES;
				IPHONEOS_DEPLOYMENT_TARGET = 16.0;
				MTL_ENABLE_DEBUG_INFO = INCLUDE_SOURCE;
				MTL_FAST_MATH = YES;
				ONLY_ACTIVE_ARCH = YES;
				SDKROOT = iphoneos;
				SWIFT_ACTIVE_COMPILATION_CONDITIONS = DEBUG;
				SWIFT_OPTIMIZATION_LEVEL = "-Onone";
			};
			name = Debug;
		};
		EC8D2484292BEA6D009F1C30 /* Release */ = {
			isa = XCBuildConfiguration;
			buildSettings = {
				ALWAYS_SEARCH_USER_PATHS = NO;
				CLANG_ANALYZER_NONNULL = YES;
				CLANG_ANALYZER_NUMBER_OBJECT_CONVERSION = YES_AGGRESSIVE;
				CLANG_CXX_LANGUAGE_STANDARD = "gnu++20";
				CLANG_ENABLE_MODULES = YES;
				CLANG_ENABLE_OBJC_ARC = YES;
				CLANG_ENABLE_OBJC_WEAK = YES;
				CLANG_WARN_BLOCK_CAPTURE_AUTORELEASING = YES;
				CLANG_WARN_BOOL_CONVERSION = YES;
				CLANG_WARN_COMMA = YES;
				CLANG_WARN_CONSTANT_CONVERSION = YES;
				CLANG_WARN_DEPRECATED_OBJC_IMPLEMENTATIONS = YES;
				CLANG_WARN_DIRECT_OBJC_ISA_USAGE = YES_ERROR;
				CLANG_WARN_DOCUMENTATION_COMMENTS = YES;
				CLANG_WARN_EMPTY_BODY = YES;
				CLANG_WARN_ENUM_CONVERSION = YES;
				CLANG_WARN_INFINITE_RECURSION = YES;
				CLANG_WARN_INT_CONVERSION = YES;
				CLANG_WARN_NON_LITERAL_NULL_CONVERSION = YES;
				CLANG_WARN_OBJC_IMPLICIT_RETAIN_SELF = YES;
				CLANG_WARN_OBJC_LITERAL_CONVERSION = YES;
				CLANG_WARN_OBJC_ROOT_CLASS = YES_ERROR;
				CLANG_WARN_QUOTED_INCLUDE_IN_FRAMEWORK_HEADER = YES;
				CLANG_WARN_RANGE_LOOP_ANALYSIS = YES;
				CLANG_WARN_STRICT_PROTOTYPES = YES;
				CLANG_WARN_SUSPICIOUS_MOVE = YES;
				CLANG_WARN_UNGUARDED_AVAILABILITY = YES_AGGRESSIVE;
				CLANG_WARN_UNREACHABLE_CODE = YES;
				CLANG_WARN__DUPLICATE_METHOD_MATCH = YES;
				COPY_PHASE_STRIP = NO;
				DEBUG_INFORMATION_FORMAT = "dwarf-with-dsym";
				ENABLE_NS_ASSERTIONS = NO;
				ENABLE_STRICT_OBJC_MSGSEND = YES;
				GCC_C_LANGUAGE_STANDARD = gnu11;
				GCC_NO_COMMON_BLOCKS = YES;
				GCC_WARN_64_TO_32_BIT_CONVERSION = YES;
				GCC_WARN_ABOUT_RETURN_TYPE = YES_ERROR;
				GCC_WARN_UNDECLARED_SELECTOR = YES;
				GCC_WARN_UNINITIALIZED_AUTOS = YES_AGGRESSIVE;
				GCC_WARN_UNUSED_FUNCTION = YES;
				GCC_WARN_UNUSED_VARIABLE = YES;
				IPHONEOS_DEPLOYMENT_TARGET = 16.0;
				MTL_ENABLE_DEBUG_INFO = NO;
				MTL_FAST_MATH = YES;
				SDKROOT = iphoneos;
				SWIFT_COMPILATION_MODE = wholemodule;
				SWIFT_OPTIMIZATION_LEVEL = "-O";
				VALIDATE_PRODUCT = YES;
			};
			name = Release;
		};
		EC8D2486292BEA6D009F1C30 /* Debug */ = {
			isa = XCBuildConfiguration;
			buildSettings = {
				ASSETCATALOG_COMPILER_APPICON_NAME = AppIcon;
				ASSETCATALOG_COMPILER_GLOBAL_ACCENT_COLOR_NAME = AccentColor;
				CODE_SIGN_STYLE = Automatic;
				CURRENT_PROJECT_VERSION = 1;
				DEVELOPMENT_TEAM = DTN97VNT76;
				GENERATE_INFOPLIST_FILE = YES;
				INFOPLIST_FILE = BeautyHelper/Resources/Info.plist;
				INFOPLIST_KEY_UIApplicationSupportsIndirectInputEvents = YES;
				INFOPLIST_KEY_UILaunchStoryboardName = LaunchScreen;
				INFOPLIST_KEY_UISupportedInterfaceOrientations = UIInterfaceOrientationPortrait;
				IPHONEOS_DEPLOYMENT_TARGET = 13.0;
				LD_RUNPATH_SEARCH_PATHS = (
					"$(inherited)",
					"@executable_path/Frameworks",
				);
				MARKETING_VERSION = 1.0;
				PRODUCT_BUNDLE_IDENTIFIER = com.maxhmelev.BeautyHelper;
				PRODUCT_NAME = "$(TARGET_NAME)";
				SUPPORTED_PLATFORMS = "iphoneos iphonesimulator";
				SUPPORTS_MACCATALYST = NO;
				SUPPORTS_MAC_DESIGNED_FOR_IPHONE_IPAD = YES;
				SWIFT_EMIT_LOC_STRINGS = YES;
				SWIFT_VERSION = 5.0;
				TARGETED_DEVICE_FAMILY = 1;
			};
			name = Debug;
		};
		EC8D2487292BEA6D009F1C30 /* Release */ = {
			isa = XCBuildConfiguration;
			buildSettings = {
				ASSETCATALOG_COMPILER_APPICON_NAME = AppIcon;
				ASSETCATALOG_COMPILER_GLOBAL_ACCENT_COLOR_NAME = AccentColor;
				CODE_SIGN_STYLE = Automatic;
				CURRENT_PROJECT_VERSION = 1;
				DEVELOPMENT_TEAM = DTN97VNT76;
				GENERATE_INFOPLIST_FILE = YES;
				INFOPLIST_FILE = BeautyHelper/Resources/Info.plist;
				INFOPLIST_KEY_UIApplicationSupportsIndirectInputEvents = YES;
				INFOPLIST_KEY_UILaunchStoryboardName = LaunchScreen;
				INFOPLIST_KEY_UISupportedInterfaceOrientations = UIInterfaceOrientationPortrait;
				IPHONEOS_DEPLOYMENT_TARGET = 13.0;
				LD_RUNPATH_SEARCH_PATHS = (
					"$(inherited)",
					"@executable_path/Frameworks",
				);
				MARKETING_VERSION = 1.0;
				PRODUCT_BUNDLE_IDENTIFIER = com.maxhmelev.BeautyHelper;
				PRODUCT_NAME = "$(TARGET_NAME)";
				SUPPORTED_PLATFORMS = "iphoneos iphonesimulator";
				SUPPORTS_MACCATALYST = NO;
				SUPPORTS_MAC_DESIGNED_FOR_IPHONE_IPAD = YES;
				SWIFT_EMIT_LOC_STRINGS = YES;
				SWIFT_VERSION = 5.0;
				TARGETED_DEVICE_FAMILY = 1;
			};
			name = Release;
		};
/* End XCBuildConfiguration section */

/* Begin XCConfigurationList section */
		EC8D246C292BEA6D009F1C30 /* Build configuration list for PBXProject "BeautyHelper" */ = {
			isa = XCConfigurationList;
			buildConfigurations = (
				EC8D2483292BEA6D009F1C30 /* Debug */,
				EC8D2484292BEA6D009F1C30 /* Release */,
			);
			defaultConfigurationIsVisible = 0;
			defaultConfigurationName = Release;
		};
		EC8D2485292BEA6D009F1C30 /* Build configuration list for PBXNativeTarget "BeautyHelper" */ = {
			isa = XCConfigurationList;
			buildConfigurations = (
				EC8D2486292BEA6D009F1C30 /* Debug */,
				EC8D2487292BEA6D009F1C30 /* Release */,
			);
			defaultConfigurationIsVisible = 0;
			defaultConfigurationName = Release;
		};
/* End XCConfigurationList section */
	};
	rootObject = EC8D2469292BEA6D009F1C30 /* Project object */;
}
